#MicroXplorer Configuration settings - do not modify
ADC1.Channel-1\#ChannelRegularConversion=ADC_CHANNEL_3
ADC1.ClockPrescaler=ADC_CLOCK_ASYNC_DIV2
ADC1.ClockPrescalerADC3=ADC_CLOCK_ASYNC_DIV2
ADC1.ContinuousConvMode=ENABLE
ADC1.ConversionDataManagement=ADC_CONVERSIONDATA_DMA_CIRCULAR
ADC1.DMAAccessModeView=ENABLE
ADC1.ExternalTrigConv=ADC_SOFTWARE_START
ADC1.IPParameters=Rank-1\#ChannelRegularConversion,Channel-1\#ChannelRegularConversion,SamplingTime-1\#ChannelRegularConversion,OffsetNumber-1\#ChannelRegularConversion,OffsetSignedSaturation-1\#ChannelRegularConversion,NbrOfConversionFlag,Resolution,Mode,ContinuousConvMode,ConversionDataManagement,ExternalTrigConv,master,NbrOfConversion,Overrun,ClockPrescalerADC3,ClockPrescaler,DMAAccessModeView,TwoSamplingDelay
ADC1.Mode=ADC_DUALMODE_INTERL
ADC1.NbrOfConversion=1
ADC1.NbrOfConversionFlag=1
ADC1.OffsetNumber-1\#ChannelRegularConversion=ADC_OFFSET_NONE
ADC1.OffsetSignedSaturation-1\#ChannelRegularConversion=DISABLE
ADC1.Overrun=ADC_OVR_DATA_OVERWRITTEN
ADC1.Rank-1\#ChannelRegularConversion=1
ADC1.Resolution=ADC_RESOLUTION_14B
ADC1.SamplingTime-1\#ChannelRegularConversion=ADC_SAMPLETIME_2CYCLES_5
ADC1.TwoSamplingDelay=ADC_TWOSAMPLINGDELAY_2CYCLES
ADC1.master=1
ADC2.Channel-1\#ChannelRegularConversion=ADC_CHANNEL_3
ADC2.ClockPrescaler=ADC_CLOCK_ASYNC_DIV2
ADC2.ClockPrescalerADC3=ADC_CLOCK_ASYNC_DIV2
ADC2.DMAAccessModeView=ENABLE
ADC2.IPParameters=Rank-1\#ChannelRegularConversion,ClockPrescaler,Channel-1\#ChannelRegularConversion,SamplingTime-1\#ChannelRegularConversion,OffsetNumber-1\#ChannelRegularConversion,OffsetSignedSaturation-1\#ChannelRegularConversion,NbrOfConversionFlag,Mode,DMAAccessModeView,Resolution,TwoSamplingDelay,ClockPrescalerADC3
ADC2.Mode=ADC_DUALMODE_INTERL
ADC2.NbrOfConversionFlag=1
ADC2.OffsetNumber-1\#ChannelRegularConversion=ADC_OFFSET_NONE
ADC2.OffsetSignedSaturation-1\#ChannelRegularConversion=DISABLE
ADC2.Rank-1\#ChannelRegularConversion=1
ADC2.Resolution=ADC_RESOLUTION_14B
ADC2.SamplingTime-1\#ChannelRegularConversion=ADC_SAMPLETIME_2CYCLES_5
ADC2.TwoSamplingDelay=ADC_TWOSAMPLINGDELAY_2CYCLES
ADC3.Channel-3\#ChannelRegularConversion=ADC_CHANNEL_6
ADC3.ClockPrescaler=ADC_CLOCK_ASYNC_DIV2
ADC3.ClockPrescalerADC3=ADC_CLOCK_ASYNC_DIV2
ADC3.ContinuousConvMode=DISABLE
ADC3.ConversionDataManagement=ADC_CONVERSIONDATA_DMA_CIRCULAR
ADC3.DMAAccessModeView=ENABLE
ADC3.DMAContinuousRequests=ENABLE
ADC3.ExternalTrigConv=ADC_EXTERNALTRIG_T6_TRGO
ADC3.IPParameters=Rank-3\#ChannelRegularConversion,Channel-3\#ChannelRegularConversion,SamplingTime-3\#ChannelRegularConversion,OffsetNumber-3\#ChannelRegularConversion,OffsetSign-3\#ChannelRegularConversion,NbrOfConversionFlag,ClockPrescaler,ClockPrescalerADC3,Overrun,ConversionDataManagement,NbrOfConversion,ExternalTrigConv,ContinuousConvMode,DMAContinuousRequests,TwoSamplingDelay,Mode,DMAAccessModeView
ADC3.Mode=ADC_DUALMODE_INTERL
ADC3.NbrOfConversion=1
ADC3.NbrOfConversionFlag=1
ADC3.OffsetNumber-3\#ChannelRegularConversion=ADC_OFFSET_NONE
ADC3.OffsetSign-3\#ChannelRegularConversion=ADC3_OFFSET_SIGN_NEGATIVE
ADC3.Overrun=ADC_OVR_DATA_OVERWRITTEN
ADC3.Rank-3\#ChannelRegularConversion=1
ADC3.SamplingTime-3\#ChannelRegularConversion=ADC3_SAMPLETIME_2CYCLES_5
ADC3.TwoSamplingDelay=ADC_TWOSAMPLINGDELAY_2CYCLES
CAD.formats=
CAD.pinconfig=
CAD.provider=
CORTEX_M7.AccessPermission_S-Cortex_Memory_Protection_Unit_Region1_Settings_S=MPU_REGION_FULL_ACCESS
CORTEX_M7.AccessPermission_S-Cortex_Memory_Protection_Unit_Region2_Settings_S=MPU_REGION_FULL_ACCESS
CORTEX_M7.AccessPermission_S-Cortex_Memory_Protection_Unit_Region3_Settings_S=MPU_REGION_FULL_ACCESS
CORTEX_M7.AccessPermission_S-Cortex_Memory_Protection_Unit_Region4_Settings_S=MPU_REGION_FULL_ACCESS
CORTEX_M7.BaseAddress_S-Cortex_Memory_Protection_Unit_Region1_Settings_S=0x30000000
CORTEX_M7.BaseAddress_S-Cortex_Memory_Protection_Unit_Region2_Settings_S=0x30004000
CORTEX_M7.BaseAddress_S-Cortex_Memory_Protection_Unit_Region3_Settings_S=0x38000000
CORTEX_M7.BaseAddress_S-Cortex_Memory_Protection_Unit_Region4_Settings_S=0xC0000000
CORTEX_M7.CPU_DCache=Enabled
CORTEX_M7.CPU_ICache=Enabled
CORTEX_M7.DisableExec_S-Cortex_Memory_Protection_Unit_Region1_Settings_S=MPU_INSTRUCTION_ACCESS_DISABLE
CORTEX_M7.DisableExec_S-Cortex_Memory_Protection_Unit_Region2_Settings_S=MPU_INSTRUCTION_ACCESS_DISABLE
CORTEX_M7.DisableExec_S-Cortex_Memory_Protection_Unit_Region3_Settings_S=MPU_INSTRUCTION_ACCESS_ENABLE
CORTEX_M7.Enable_S-Cortex_Memory_Protection_Unit_Region1_Settings_S=MPU_REGION_ENABLE
CORTEX_M7.Enable_S-Cortex_Memory_Protection_Unit_Region2_Settings_S=MPU_REGION_ENABLE
CORTEX_M7.Enable_S-Cortex_Memory_Protection_Unit_Region3_Settings_S=MPU_REGION_ENABLE
CORTEX_M7.Enable_S-Cortex_Memory_Protection_Unit_Region4_Settings_S=MPU_REGION_ENABLE
CORTEX_M7.IPParameters=default_mode_Activation,CPU_ICache,CPU_DCache,IsShareable_Spec,Enable_S-Cortex_Memory_Protection_Unit_Region1_Settings_S,BaseAddress_S-Cortex_Memory_Protection_Unit_Region1_Settings_S,Size_S-Cortex_Memory_Protection_Unit_Region1_Settings_S,AccessPermission_S-Cortex_Memory_Protection_Unit_Region1_Settings_S,IsBufferable_S-Cortex_Memory_Protection_Unit_Region1_Settings_S,DisableExec_S-Cortex_Memory_Protection_Unit_Region1_Settings_S,Enable_S-Cortex_Memory_Protection_Unit_Region2_Settings_S,BaseAddress_S-Cortex_Memory_Protection_Unit_Region2_Settings_S,Size_S-Cortex_Memory_Protection_Unit_Region2_Settings_S,TypeExtField_S-Cortex_Memory_Protection_Unit_Region2_Settings_S,DisableExec_S-Cortex_Memory_Protection_Unit_Region2_Settings_S,AccessPermission_S-Cortex_Memory_Protection_Unit_Region2_Settings_S,Enable_S-Cortex_Memory_Protection_Unit_Region3_Settings_S,BaseAddress_S-Cortex_Memory_Protection_Unit_Region3_Settings_S,Size_S-Cortex_Memory_Protection_Unit_Region3_Settings_S,TypeExtField_S-Cortex_Memory_Protection_Unit_Region3_Settings_S,AccessPermission_S-Cortex_Memory_Protection_Unit_Region3_Settings_S,Enable_S-Cortex_Memory_Protection_Unit_Region4_Settings_S,BaseAddress_S-Cortex_Memory_Protection_Unit_Region4_Settings_S,Size_S-Cortex_Memory_Protection_Unit_Region4_Settings_S,AccessPermission_S-Cortex_Memory_Protection_Unit_Region4_Settings_S,IsBufferable_S-Cortex_Memory_Protection_Unit_Region4_Settings_S,IsCacheable_S-Cortex_Memory_Protection_Unit_Region3_Settings_S,IsBufferable_S-Cortex_Memory_Protection_Unit_Region3_Settings_S,IsShareable_S-Cortex_Memory_Protection_Unit_Region3_Settings_S,DisableExec_S-Cortex_Memory_Protection_Unit_Region3_Settings_S,TypeExtField_S-Cortex_Memory_Protection_Unit_Region1_Settings_S,IsCacheable_S-Cortex_Memory_Protection_Unit_Region4_Settings_S
CORTEX_M7.IsBufferable_S-Cortex_Memory_Protection_Unit_Region1_Settings_S=MPU_ACCESS_BUFFERABLE
CORTEX_M7.IsBufferable_S-Cortex_Memory_Protection_Unit_Region3_Settings_S=MPU_ACCESS_BUFFERABLE
CORTEX_M7.IsBufferable_S-Cortex_Memory_Protection_Unit_Region4_Settings_S=MPU_ACCESS_BUFFERABLE
CORTEX_M7.IsCacheable_S-Cortex_Memory_Protection_Unit_Region3_Settings_S=MPU_ACCESS_CACHEABLE
CORTEX_M7.IsCacheable_S-Cortex_Memory_Protection_Unit_Region4_Settings_S=MPU_ACCESS_CACHEABLE
CORTEX_M7.IsShareable_S-Cortex_Memory_Protection_Unit_Region3_Settings_S=MPU_ACCESS_SHAREABLE
CORTEX_M7.IsShareable_Spec=MPU_ACCESS_NOT_SHAREABLE
CORTEX_M7.Size_S-Cortex_Memory_Protection_Unit_Region1_Settings_S=MPU_REGION_SIZE_16KB
CORTEX_M7.Size_S-Cortex_Memory_Protection_Unit_Region2_Settings_S=MPU_REGION_SIZE_16KB
CORTEX_M7.Size_S-Cortex_Memory_Protection_Unit_Region3_Settings_S=MPU_REGION_SIZE_16KB
CORTEX_M7.Size_S-Cortex_Memory_Protection_Unit_Region4_Settings_S=MPU_REGION_SIZE_256MB
CORTEX_M7.TypeExtField_S-Cortex_Memory_Protection_Unit_Region1_Settings_S=MPU_TEX_LEVEL1
CORTEX_M7.TypeExtField_S-Cortex_Memory_Protection_Unit_Region2_Settings_S=MPU_TEX_LEVEL1
CORTEX_M7.TypeExtField_S-Cortex_Memory_Protection_Unit_Region3_Settings_S=MPU_TEX_LEVEL1
CORTEX_M7.default_mode_Activation=1
Dma.ADC1.0.Direction=DMA_PERIPH_TO_MEMORY
Dma.ADC1.0.EventEnable=DISABLE
Dma.ADC1.0.FIFOMode=DMA_FIFOMODE_DISABLE
Dma.ADC1.0.Instance=DMA1_Stream1
Dma.ADC1.0.MemDataAlignment=DMA_MDATAALIGN_WORD
Dma.ADC1.0.MemInc=DMA_MINC_ENABLE
Dma.ADC1.0.Mode=DMA_CIRCULAR
Dma.ADC1.0.PeriphDataAlignment=DMA_PDATAALIGN_WORD
Dma.ADC1.0.PeriphInc=DMA_PINC_DISABLE
Dma.ADC1.0.Polarity=HAL_DMAMUX_REQ_GEN_RISING
Dma.ADC1.0.Priority=DMA_PRIORITY_LOW
Dma.ADC1.0.RequestNumber=1
Dma.ADC1.0.RequestParameters=Instance,Direction,PeriphInc,MemInc,PeriphDataAlignment,MemDataAlignment,Mode,Priority,FIFOMode,SignalID,Polarity,RequestNumber,SyncSignalID,SyncPolarity,SyncEnable,EventEnable,SyncRequestNumber
Dma.ADC1.0.SignalID=NONE
Dma.ADC1.0.SyncEnable=DISABLE
Dma.ADC1.0.SyncPolarity=HAL_DMAMUX_SYNC_NO_EVENT
Dma.ADC1.0.SyncRequestNumber=1
Dma.ADC1.0.SyncSignalID=NONE
Dma.ADC3.1.Direction=DMA_PERIPH_TO_MEMORY
Dma.ADC3.1.EventEnable=DISABLE
Dma.ADC3.1.FIFOMode=DMA_FIFOMODE_DISABLE
Dma.ADC3.1.Instance=DMA1_Stream2
Dma.ADC3.1.MemDataAlignment=DMA_MDATAALIGN_HALFWORD
Dma.ADC3.1.MemInc=DMA_MINC_ENABLE
Dma.ADC3.1.Mode=DMA_CIRCULAR
Dma.ADC3.1.PeriphDataAlignment=DMA_PDATAALIGN_HALFWORD
Dma.ADC3.1.PeriphInc=DMA_PINC_DISABLE
Dma.ADC3.1.Polarity=HAL_DMAMUX_REQ_GEN_RISING
Dma.ADC3.1.Priority=DMA_PRIORITY_LOW
Dma.ADC3.1.RequestNumber=1
Dma.ADC3.1.RequestParameters=Instance,Direction,PeriphInc,MemInc,PeriphDataAlignment,MemDataAlignment,Mode,Priority,FIFOMode,SignalID,Polarity,RequestNumber,SyncSignalID,SyncPolarity,SyncEnable,EventEnable,SyncRequestNumber
Dma.ADC3.1.SignalID=NONE
Dma.ADC3.1.SyncEnable=DISABLE
Dma.ADC3.1.SyncPolarity=HAL_DMAMUX_SYNC_NO_EVENT
Dma.ADC3.1.SyncRequestNumber=1
Dma.ADC3.1.SyncSignalID=NONE
Dma.Request0=ADC1
Dma.Request1=ADC3
Dma.RequestsNb=2
ETH.IPParameters=MediaInterface
ETH.MediaInterface=HAL_ETH_RMII_MODE
FMC.CASLatency1=FMC_SDRAM_CAS_LATENCY_3
FMC.ColumnBitsNumber1=FMC_SDRAM_COLUMN_BITS_NUM_9
FMC.ExitSelfRefreshDelay1=8
FMC.IPParameters=ColumnBitsNumber1,CASLatency1,SDClockPeriod1,SDClockPeriod2,ReadBurst1,ReadBurst2,ReadPipeDelay1,ReadPipeDelay2,LoadToActiveDelay1,ExitSelfRefreshDelay1,SelfRefreshTime1,RowCycleDelay1,RowCycleDelay2,WriteRecoveryTime1,RPDelay1,RPDelay2,RCDDelay1
FMC.LoadToActiveDelay1=3
FMC.RCDDelay1=2
FMC.RPDelay1=2
FMC.RPDelay2=2
FMC.ReadBurst1=FMC_SDRAM_RBURST_ENABLE
FMC.ReadBurst2=FMC_SDRAM_RBURST_ENABLE
FMC.ReadPipeDelay1=FMC_SDRAM_RPIPE_DELAY_1
FMC.ReadPipeDelay2=FMC_SDRAM_RPIPE_DELAY_1
FMC.RowCycleDelay1=7
FMC.RowCycleDelay2=7
FMC.SDClockPeriod1=FMC_SDRAM_CLOCK_PERIOD_2
FMC.SDClockPeriod2=FMC_SDRAM_CLOCK_PERIOD_2
FMC.SelfRefreshTime1=5
FMC.WriteRecoveryTime1=3
FREERTOS.FootprintOK=true
FREERTOS.IPParameters=Tasks01,configQUEUE_REGISTRY_SIZE,configTOTAL_HEAP_SIZE,FootprintOK
FREERTOS.Tasks01=defaultTask,24,512,StartDefaultTask,Default,NULL,Dynamic,NULL,NULL
FREERTOS.configQUEUE_REGISTRY_SIZE=32
FREERTOS.configTOTAL_HEAP_SIZE=131072
File.Version=6
GPIO.groupedBy=Group By Peripherals
I2C1.IPParameters=Timing
I2C1.Timing=0x20A0A3F6
KeepUserPlacement=false
LPTIM1.IPParameters=ULPClockPolarity
LPTIM1.ULPClockPolarity=LPTIM_CLOCKPOLARITY_RISING_FALLING
LPTIM2.IPParameters=ULPClockPolarity
LPTIM2.ULPClockPolarity=LPTIM_CLOCKPOLARITY_RISING_FALLING
LWIP.BSP.number=1
LWIP.GATEWAY_ADDRESS=192.168.010.001
LWIP.IPParameters=LWIP_DHCP,IP_ADDRESS,NETMASK_ADDRESS,GATEWAY_ADDRESS,LWIP_SO_RCVTIMEO,MEM_SIZE
LWIP.IP_ADDRESS=192.168.010.012
LWIP.LWIP_DHCP=0
LWIP.LWIP_SO_RCVTIMEO=1
LWIP.MEM_SIZE=15360
LWIP.NETMASK_ADDRESS=255.255.255.000
LWIP.Version=v2.2.1_Cube
LWIP0.BSP.STBoard=false
LWIP0.BSP.api=BSP_COMPONENT_DRIVER
LWIP0.BSP.component=LAN8742
LWIP0.BSP.condition=
LWIP0.BSP.instance=LAN8742
LWIP0.BSP.ip=
LWIP0.BSP.mode=
LWIP0.BSP.name=Driver_PHY
LWIP0.BSP.semaphore=S_LAN8742
LWIP0.BSP.solution=LAN8742
MMTAppReg1.MEMORYMAP.AppRegionName=DTCMRAM
MMTAppReg1.MEMORYMAP.ContextName=Cortex-M7NS
MMTAppReg1.MEMORYMAP.CoreName=Arm Cortex-M7
MMTAppReg1.MEMORYMAP.IPParameters=StartAddress,Size,CoreName,ContextName,Name
MMTAppReg1.MEMORYMAP.Name=DTCMRAM
MMTAppReg1.MEMORYMAP.Size=131072
MMTAppReg1.MEMORYMAP.StartAddress=0x20000000
MMTAppReg2.MEMORYMAP.AppRegionName=RAM
MMTAppReg2.MEMORYMAP.ContextName=Cortex-M7NS
MMTAppReg2.MEMORYMAP.CoreName=Arm Cortex-M7
MMTAppReg2.MEMORYMAP.DefaultDataRegion=true
MMTAppReg2.MEMORYMAP.IPParameters=StartAddress,Size,CoreName,ContextName,Name,DefaultDataRegion
MMTAppReg2.MEMORYMAP.Name=RAM
MMTAppReg2.MEMORYMAP.Size=131072
MMTAppReg2.MEMORYMAP.StartAddress=0x24000000
MMTAppReg3.MEMORYMAP.AppRegionName=RAM_D2
MMTAppReg3.MEMORYMAP.ContextName=Cortex-M7NS
MMTAppReg3.MEMORYMAP.CoreName=Arm Cortex-M7
MMTAppReg3.MEMORYMAP.IPParameters=StartAddress,Size,CoreName,ContextName,Name
MMTAppReg3.MEMORYMAP.Name=RAM_D2
MMTAppReg3.MEMORYMAP.Size=32768
MMTAppReg3.MEMORYMAP.StartAddress=0x30000000
MMTAppReg4.MEMORYMAP.AppRegionName=RAM_D3
MMTAppReg4.MEMORYMAP.ContextName=Cortex-M7NS
MMTAppReg4.MEMORYMAP.CoreName=Arm Cortex-M7
MMTAppReg4.MEMORYMAP.IPParameters=StartAddress,Size,CoreName,ContextName,Name
MMTAppReg4.MEMORYMAP.Name=RAM_D3
MMTAppReg4.MEMORYMAP.Size=16384
MMTAppReg4.MEMORYMAP.StartAddress=0x38000000
MMTAppReg5.MEMORYMAP.AppRegionName=ITCMRAM
MMTAppReg5.MEMORYMAP.Cacheability=WTRA
MMTAppReg5.MEMORYMAP.ContextName=Cortex-M7NS
MMTAppReg5.MEMORYMAP.CoreName=Arm Cortex-M7
MMTAppReg5.MEMORYMAP.IPParameters=StartAddress,Size,CoreName,ContextName,Name,Cacheability
MMTAppReg5.MEMORYMAP.Name=ITCMRAM
MMTAppReg5.MEMORYMAP.Size=65536
MMTAppReg5.MEMORYMAP.StartAddress=0x00000000
MMTAppReg6.MEMORYMAP.AP=RO_priv_only
MMTAppReg6.MEMORYMAP.AppRegionName=FLASH
MMTAppReg6.MEMORYMAP.Cacheability=WTRA
MMTAppReg6.MEMORYMAP.ContextName=Cortex-M7NS
MMTAppReg6.MEMORYMAP.CoreName=Arm Cortex-M7
MMTAppReg6.MEMORYMAP.DefaultCodeRegion=true
MMTAppReg6.MEMORYMAP.IPParameters=StartAddress,Size,CoreName,MemType,ContextName,Name,AP,Cacheability,DefaultCodeRegion,ISRRegion,RootBootRegion
MMTAppReg6.MEMORYMAP.ISRRegion=true
MMTAppReg6.MEMORYMAP.MemType=ROM
MMTAppReg6.MEMORYMAP.Name=FLASH
MMTAppReg6.MEMORYMAP.RootBootRegion=true
MMTAppReg6.MEMORYMAP.Size=1048576
MMTAppReg6.MEMORYMAP.StartAddress=0x08000000
MMTAppRegionsCount=6
MMTConfigApplied=false
MMTSectionSuffix=_Section
Mcu.CPN=STM32H723ZGT6
Mcu.Family=STM32H7
Mcu.IP0=ADC1
Mcu.IP1=ADC2
Mcu.IP10=LPTIM2
Mcu.IP11=LWIP
Mcu.IP12=MEMORYMAP
Mcu.IP13=NVIC
Mcu.IP14=RCC
Mcu.IP15=SYS
Mcu.IP16=TIM1
Mcu.IP17=TIM2
Mcu.IP18=TIM3
Mcu.IP19=TIM4
Mcu.IP2=ADC3
Mcu.IP20=TIM5
Mcu.IP21=TIM6
Mcu.IP22=TIM7
Mcu.IP23=TIM8
Mcu.IP24=TIM13
Mcu.IP25=TIM14
Mcu.IP26=TIM15
Mcu.IP27=TIM16
Mcu.IP28=TIM17
Mcu.IP29=TIM23
Mcu.IP3=CORTEX_M7
Mcu.IP30=USART1
Mcu.IP4=DMA
Mcu.IP5=ETH
Mcu.IP6=FMC
Mcu.IP7=FREERTOS
Mcu.IP8=I2C1
Mcu.IP9=LPTIM1
Mcu.IPNb=31
Mcu.Name=STM32H723ZGTx
Mcu.Package=LQFP144
Mcu.Pin0=PE2
Mcu.Pin1=PE3
Mcu.Pin10=PF2
Mcu.Pin100=VP_TIM1_VS_ClockSourceINT
Mcu.Pin101=VP_TIM2_VS_ClockSourceINT
Mcu.Pin102=VP_TIM5_VS_ClockSourceINT
Mcu.Pin103=VP_TIM6_VS_ClockSourceINT
Mcu.Pin104=VP_TIM7_VS_ClockSourceINT
Mcu.Pin105=VP_TIM8_VS_ClockSourceINT
Mcu.Pin106=VP_TIM13_VS_ClockSourceINT
Mcu.Pin107=VP_TIM14_VS_ClockSourceINT
Mcu.Pin108=VP_TIM15_VS_ClockSourceINT
Mcu.Pin109=VP_TIM16_VS_ClockSourceINT
Mcu.Pin11=PF3
Mcu.Pin110=VP_TIM17_VS_ClockSourceINT
Mcu.Pin111=VP_MEMORYMAP_VS_MEMORYMAP
Mcu.Pin12=PF4
Mcu.Pin13=PF5
Mcu.Pin14=PF6
Mcu.Pin15=PF7
Mcu.Pin16=PF8
Mcu.Pin17=PF9
Mcu.Pin18=PF10
Mcu.Pin19=PH0-OSC_IN
Mcu.Pin2=PE4
Mcu.Pin20=PH1-OSC_OUT
Mcu.Pin21=PC0
Mcu.Pin22=PC1
Mcu.Pin23=PC2_C
Mcu.Pin24=PC3_C
Mcu.Pin25=PA0
Mcu.Pin26=PA1
Mcu.Pin27=PA2
Mcu.Pin28=PA3
Mcu.Pin29=PA4
Mcu.Pin3=PE5
Mcu.Pin30=PA5
Mcu.Pin31=PA6
Mcu.Pin32=PA7
Mcu.Pin33=PC4
Mcu.Pin34=PC5
Mcu.Pin35=PB0
Mcu.Pin36=PB1
Mcu.Pin37=PF11
Mcu.Pin38=PF12
Mcu.Pin39=PF13
Mcu.Pin4=PE6
Mcu.Pin40=PF14
Mcu.Pin41=PF15
Mcu.Pin42=PG0
Mcu.Pin43=PG1
Mcu.Pin44=PE7
Mcu.Pin45=PE8
Mcu.Pin46=PE9
Mcu.Pin47=PE10
Mcu.Pin48=PE11
Mcu.Pin49=PE13
Mcu.Pin5=PC13
Mcu.Pin50=PE14
Mcu.Pin51=PE15
Mcu.Pin52=PB10
Mcu.Pin53=PB11
Mcu.Pin54=PB12
Mcu.Pin55=PB13
Mcu.Pin56=PD8
Mcu.Pin57=PD9
Mcu.Pin58=PD10
Mcu.Pin59=PD11
Mcu.Pin6=PC14-OSC32_IN
Mcu.Pin60=PD12
Mcu.Pin61=PD13
Mcu.Pin62=PD14
Mcu.Pin63=PD15
Mcu.Pin64=PG2
Mcu.Pin65=PG4
Mcu.Pin66=PG5
Mcu.Pin67=PG8
Mcu.Pin68=PC6
Mcu.Pin69=PC7
Mcu.Pin7=PC15-OSC32_OUT
Mcu.Pin70=PC8
Mcu.Pin71=PC9
Mcu.Pin72=PA8
Mcu.Pin73=PA9
Mcu.Pin74=PA10
Mcu.Pin75=PA11
Mcu.Pin76=PA12
Mcu.Pin77=PA15(JTDI)
Mcu.Pin78=PD0
Mcu.Pin79=PD1
Mcu.Pin8=PF0
Mcu.Pin80=PD3
Mcu.Pin81=PD6
Mcu.Pin82=PD7
Mcu.Pin83=PG9
Mcu.Pin84=PG10
Mcu.Pin85=PG11
Mcu.Pin86=PG12
Mcu.Pin87=PG13
Mcu.Pin88=PG14
Mcu.Pin89=PG15
Mcu.Pin9=PF1
Mcu.Pin90=PB3(JTDO/TRACESWO)
Mcu.Pin91=PB4(NJTRST)
Mcu.Pin92=PB5
Mcu.Pin93=PB6
Mcu.Pin94=PB7
Mcu.Pin95=PB8
Mcu.Pin96=PB9
Mcu.Pin97=VP_FREERTOS_VS_CMSIS_V2
Mcu.Pin98=VP_LWIP_VS_Enabled
Mcu.Pin99=VP_SYS_VS_tim12
Mcu.PinsNb=112
Mcu.ThirdPartyNb=0
Mcu.UserConstants=
Mcu.UserName=STM32H723ZGTx
MxCube.Version=6.17.0
MxDb.Version=DB.6.0.170
NVIC.ADC3_IRQn=true\:5\:0\:false\:false\:true\:true\:true\:true\:true
NVIC.ADC_IRQn=true\:5\:0\:false\:false\:true\:true\:true\:true\:true
NVIC.BusFault_IRQn=true\:0\:0\:false\:false\:true\:false\:false\:false\:false
NVIC.DMA1_Stream1_IRQn=true\:5\:0\:false\:false\:true\:false\:false\:true\:true
NVIC.DMA1_Stream2_IRQn=true\:5\:0\:false\:false\:true\:false\:false\:true\:true
NVIC.DebugMonitor_IRQn=true\:0\:0\:false\:false\:true\:false\:false\:false\:false
NVIC.ETH_IRQn=true\:5\:0\:false\:false\:true\:true\:true\:true\:true
NVIC.ForceEnableDMAVector=true
NVIC.HardFault_IRQn=true\:0\:0\:false\:false\:true\:false\:false\:false\:false
NVIC.MemoryManagement_IRQn=true\:0\:0\:false\:false\:true\:false\:false\:false\:false
NVIC.NonMaskableInt_IRQn=true\:0\:0\:false\:false\:true\:false\:false\:false\:false
NVIC.PendSV_IRQn=true\:15\:0\:false\:false\:false\:true\:false\:false\:false
NVIC.PriorityGroup=NVIC_PRIORITYGROUP_4
NVIC.SVCall_IRQn=true\:0\:0\:false\:false\:false\:false\:false\:false\:false
NVIC.SavedPendsvIrqHandlerGenerated=true
NVIC.SavedSvcallIrqHandlerGenerated=true
NVIC.SavedSystickIrqHandlerGenerated=true
NVIC.SysTick_IRQn=true\:15\:0\:false\:false\:false\:true\:false\:true\:false
NVIC.TIM8_BRK_TIM12_IRQn=true\:15\:0\:false\:false\:true\:false\:false\:true\:true
NVIC.TimeBase=TIM8_BRK_TIM12_IRQn
NVIC.TimeBaseIP=TIM12
NVIC.UsageFault_IRQn=true\:0\:0\:false\:false\:true\:false\:false\:false\:false
PA0.Locked=true
PA0.Signal=S_TIM5_CH1
PA1.GPIOParameters=GPIO_Speed
PA1.GPIO_Speed=GPIO_SPEED_FREQ_VERY_HIGH
PA1.Mode=RMII
PA1.Signal=ETH_REF_CLK
PA10.Locked=true
PA10.Mode=Asynchronous
PA10.Signal=USART1_RX
PA11.GPIOParameters=GPIO_PuPd,GPIO_Label
PA11.GPIO_Label=XQ_IN_31
PA11.GPIO_PuPd=GPIO_PULLDOWN
PA11.Locked=true
PA11.Signal=GPIO_Input
PA12.GPIOParameters=GPIO_Speed,GPIO_Label
PA12.GPIO_Label=M1_DIR
PA12.GPIO_Speed=GPIO_SPEED_FREQ_VERY_HIGH
PA12.Locked=true
PA12.Signal=GPIO_Output
PA15(JTDI).GPIOParameters=GPIO_Speed,GPIO_PuPd
PA15(JTDI).GPIO_PuPd=GPIO_PULLDOWN
PA15(JTDI).GPIO_Speed=GPIO_SPEED_FREQ_VERY_HIGH
PA15(JTDI).Locked=true
PA15(JTDI).Signal=S_TIM2_CH1_ETR
PA2.GPIOParameters=GPIO_Speed
PA2.GPIO_Speed=GPIO_SPEED_FREQ_VERY_HIGH
PA2.Mode=RMII
PA2.Signal=ETH_MDIO
PA3.GPIOParameters=GPIO_Speed,GPIO_Label
PA3.GPIO_Label=M5_DIR
PA3.GPIO_Speed=GPIO_SPEED_FREQ_VERY_HIGH
PA3.Locked=true
PA3.Signal=GPIO_Output
PA4.Signal=FMC_D8_DA8
PA5.Signal=FMC_D9_DA9
PA6.Locked=true
PA6.Signal=ADCx_INP3
PA7.GPIOParameters=GPIO_Speed
PA7.GPIO_Speed=GPIO_SPEED_FREQ_VERY_HIGH
PA7.Mode=RMII
PA7.Signal=ETH_CRS_DV
PA8.GPIOParameters=GPIO_Speed,PinState,GPIO_Label
PA8.GPIO_Label=RS485_EN
PA8.GPIO_Speed=GPIO_SPEED_FREQ_VERY_HIGH
PA8.Locked=true
PA8.PinState=GPIO_PIN_SET
PA8.Signal=GPIO_Output
PA9.Locked=true
PA9.Mode=Asynchronous
PA9.Signal=USART1_TX
PB0.GPIOParameters=GPIO_Speed,PinState,GPIO_Label
PB0.GPIO_Label=ETH_RESET
PB0.GPIO_Speed=GPIO_SPEED_FREQ_VERY_HIGH
PB0.Locked=true
PB0.PinState=GPIO_PIN_SET
PB0.Signal=GPIO_Output
PB1.GPIOParameters=GPIO_PuPd,GPIO_Label
PB1.GPIO_Label=XQ_IN_27
PB1.GPIO_PuPd=GPIO_PULLDOWN
PB1.Locked=true
PB1.Signal=GPIO_Input
PB10.Mode=Encoder_mode_occur1
PB10.Signal=LPTIM2_IN1
PB11.GPIOParameters=GPIO_Speed
PB11.GPIO_Speed=GPIO_SPEED_FREQ_VERY_HIGH
PB11.Mode=RMII
PB11.Signal=ETH_TX_EN
PB12.GPIOParameters=GPIO_Speed
PB12.GPIO_Speed=GPIO_SPEED_FREQ_VERY_HIGH
PB12.Mode=RMII
PB12.Signal=ETH_TXD0
PB13.GPIOParameters=GPIO_Speed
PB13.GPIO_Speed=GPIO_SPEED_FREQ_VERY_HIGH
PB13.Mode=RMII
PB13.Signal=ETH_TXD1
PB3(JTDO/TRACESWO).GPIOParameters=PinState,GPIO_Label
PB3(JTDO/TRACESWO).GPIO_Label=XQ_OUT_3
PB3(JTDO/TRACESWO).Locked=true
PB3(JTDO/TRACESWO).PinState=GPIO_PIN_SET
PB3(JTDO/TRACESWO).Signal=GPIO_Output
PB4(NJTRST).GPIOParameters=GPIO_Speed,GPIO_Label
PB4(NJTRST).GPIO_Label=M4_DIR
PB4(NJTRST).GPIO_Speed=GPIO_SPEED_FREQ_VERY_HIGH
PB4(NJTRST).Locked=true
PB4(NJTRST).Signal=GPIO_Output
PB5.GPIOParameters=GPIO_Speed,GPIO_Label
PB5.GPIO_Label=M3_DIR
PB5.GPIO_Speed=GPIO_SPEED_FREQ_VERY_HIGH
PB5.Locked=true
PB5.Signal=GPIO_Output
PB6.Locked=true
PB6.Mode=I2C
PB6.Signal=I2C1_SCL
PB7.Locked=true
PB7.Mode=I2C
PB7.Signal=I2C1_SDA
PB8.GPIOParameters=GPIO_Speed,GPIO_PuPd
PB8.GPIO_PuPd=GPIO_PULLDOWN
PB8.GPIO_Speed=GPIO_SPEED_FREQ_VERY_HIGH
PB8.Locked=true
PB8.Signal=S_TIM16_CH1
PB9.GPIOParameters=GPIO_Speed,GPIO_PuPd
PB9.GPIO_PuPd=GPIO_PULLDOWN
PB9.GPIO_Speed=GPIO_SPEED_FREQ_VERY_HIGH
PB9.Locked=true
PB9.Signal=S_TIM17_CH1
PC0.Signal=FMC_SDNWE
PC1.GPIOParameters=GPIO_Speed
PC1.GPIO_Speed=GPIO_SPEED_FREQ_VERY_HIGH
PC1.Mode=RMII
PC1.Signal=ETH_MDC
PC13.GPIOParameters=GPIO_Label
PC13.GPIO_Label=SYS_RUN
PC13.Locked=true
PC13.Signal=GPIO_Output
PC14-OSC32_IN.GPIOParameters=GPIO_PuPd,GPIO_Label
PC14-OSC32_IN.GPIO_Label=XQ_IN_30
PC14-OSC32_IN.GPIO_PuPd=GPIO_PULLDOWN
PC14-OSC32_IN.Locked=true
PC14-OSC32_IN.Signal=GPIO_Input
PC15-OSC32_OUT.GPIOParameters=GPIO_PuPd,GPIO_Label
PC15-OSC32_OUT.GPIO_Label=XQ_IN_29
PC15-OSC32_OUT.GPIO_PuPd=GPIO_PULLDOWN
PC15-OSC32_OUT.Locked=true
PC15-OSC32_OUT.Signal=GPIO_Input
PC2_C.Mode=SdramChipSelect1_1
PC2_C.Signal=FMC_SDNE0
PC3_C.Mode=SdramChipSelect1_1
PC3_C.Signal=FMC_SDCKE0
PC4.GPIOParameters=GPIO_Speed
PC4.GPIO_Speed=GPIO_SPEED_FREQ_VERY_HIGH
PC4.Mode=RMII
PC4.Signal=ETH_RXD0
PC5.GPIOParameters=GPIO_Speed
PC5.GPIO_Speed=GPIO_SPEED_FREQ_VERY_HIGH
PC5.Mode=RMII
PC5.Signal=ETH_RXD1
PC6.Locked=true
PC6.Signal=S_TIM3_CH1
PC7.Signal=S_TIM3_CH2
PC8.GPIOParameters=GPIO_Speed,GPIO_Label
PC8.GPIO_Label=M6_DIR
PC8.GPIO_Speed=GPIO_SPEED_FREQ_VERY_HIGH
PC8.Locked=true
PC8.Signal=GPIO_Output
PC9.Locked=true
PC9.Signal=S_TIM8_CH4
PD0.Signal=FMC_D2_DA2
PD1.Signal=FMC_D3_DA3
PD10.Signal=FMC_D15_DA15
PD11.Mode=Encoder_mode_occur1
PD11.Signal=LPTIM2_IN2
PD12.GPIOParameters=GPIO_Speed
PD12.GPIO_Speed=GPIO_SPEED_FREQ_VERY_HIGH
PD12.Signal=S_TIM4_CH1
PD13.GPIOParameters=GPIO_Speed
PD13.GPIO_Speed=GPIO_SPEED_FREQ_VERY_HIGH
PD13.Signal=S_TIM4_CH2
PD14.Signal=FMC_D0_DA0
PD15.Signal=FMC_D1_DA1
PD3.GPIOParameters=GPIO_PuPd,GPIO_Label
PD3.GPIO_Label=XQ_IN_28
PD3.GPIO_PuPd=GPIO_PULLDOWN
PD3.Locked=true
PD3.Signal=GPIO_Input
PD6.GPIOParameters=GPIO_Label,GPIO_ModeDefaultEXTI
PD6.GPIO_Label=TCA9535_INPUT_MIXED_1
PD6.GPIO_ModeDefaultEXTI=GPIO_MODE_IT_FALLING
PD6.Locked=true
PD6.Signal=GPXTI6
PD7.GPIOParameters=PinState,GPIO_Label
PD7.GPIO_Label=XQ_OUT_0
PD7.Locked=true
PD7.PinState=GPIO_PIN_SET
PD7.Signal=GPIO_Output
PD8.Signal=FMC_D13_DA13
PD9.Signal=FMC_D14_DA14
PE10.Signal=FMC_D7_DA7
PE11.Locked=true
PE11.Signal=S_TIM1_CH2
PE13.Signal=FMC_D10_DA10
PE14.Signal=FMC_D11_DA11
PE15.Signal=FMC_D12_DA12
PE2.GPIOParameters=GPIO_Label,GPIO_ModeDefaultEXTI
PE2.GPIO_Label=TCA9535_INPUT_1
PE2.GPIO_ModeDefaultEXTI=GPIO_MODE_IT_FALLING
PE2.Locked=true
PE2.Signal=GPXTI2
PE3.GPIOParameters=GPIO_Label,GPIO_ModeDefaultEXTI
PE3.GPIO_Label=TCA9535_INPUT_2
PE3.GPIO_ModeDefaultEXTI=GPIO_MODE_IT_FALLING
PE3.Locked=true
PE3.Signal=GPXTI3
PE4.GPIOParameters=GPIO_Label,GPIO_ModeDefaultEXTI
PE4.GPIO_Label=TCA9535_INPUT_3
PE4.GPIO_ModeDefaultEXTI=GPIO_MODE_IT_FALLING
PE4.Locked=true
PE4.Signal=GPXTI4
PE5.GPIOParameters=GPIO_Speed,GPIO_PuPd
PE5.GPIO_PuPd=GPIO_PULLDOWN
PE5.GPIO_Speed=GPIO_SPEED_FREQ_VERY_HIGH
PE5.Signal=S_TIM15_CH1
PE6.GPIOParameters=GPIO_Speed,GPIO_Label
PE6.GPIO_Label=M2_DIR
PE6.GPIO_Speed=GPIO_SPEED_FREQ_VERY_HIGH
PE6.Locked=true
PE6.Signal=GPIO_Output
PE7.Signal=FMC_D4_DA4
PE8.Signal=FMC_D5_DA5
PE9.Signal=FMC_D6_DA6
PF0.Signal=FMC_A0
PF1.Signal=FMC_A1
PF10.Locked=true
PF10.Mode=IN6-Single-Ended
PF10.Signal=ADC3_INP6
PF11.Signal=FMC_SDNRAS
PF12.Signal=FMC_A6
PF13.Signal=FMC_A7
PF14.Signal=FMC_A8
PF15.Signal=FMC_A9
PF2.Signal=FMC_A2
PF3.Signal=FMC_A3
PF4.Signal=FMC_A4
PF5.Signal=FMC_A5
PF6.Locked=true
PF6.Mode=Encoder_Interface
PF6.Signal=TIM23_CH1
PF7.GPIOParameters=GPIO_Speed,GPIO_Label
PF7.GPIO_Label=M7_DIR
PF7.GPIO_Speed=GPIO_SPEED_FREQ_VERY_HIGH
PF7.Locked=true
PF7.Signal=GPIO_Output
PF8.Locked=true
PF8.Signal=S_TIM13_CH1
PF9.Locked=true
PF9.Signal=S_TIM14_CH1
PG0.Signal=FMC_A10
PG1.Signal=FMC_A11
PG10.GPIOParameters=PinState,GPIO_Label
PG10.GPIO_Label=XQ_OUT_2
PG10.Locked=true
PG10.PinState=GPIO_PIN_SET
PG10.Signal=GPIO_Output
PG11.Mode=Encoder_mode_occur1
PG11.Signal=LPTIM1_IN2
PG12.Mode=Encoder_mode_occur1
PG12.Signal=LPTIM1_IN1
PG13.Locked=true
PG13.Signal=S_TIM23_CH2
PG14.GPIOParameters=PinState,GPIO_Label
PG14.GPIO_Label=XQ_OUT_4
PG14.Locked=true
PG14.PinState=GPIO_PIN_SET
PG14.Signal=GPIO_Output
PG15.Signal=FMC_SDNCAS
PG2.Signal=FMC_A12
PG4.Signal=FMC_A14_BA0
PG5.Signal=FMC_A15_BA1
PG8.Signal=FMC_SDCLK
PG9.GPIOParameters=PinState,GPIO_Label
PG9.GPIO_Label=XQ_OUT_1
PG9.Locked=true
PG9.PinState=GPIO_PIN_SET
PG9.Signal=GPIO_Output
PH0-OSC_IN.Mode=HSE-External-Oscillator
PH0-OSC_IN.Signal=RCC_OSC_IN
PH1-OSC_OUT.Mode=HSE-External-Oscillator
PH1-OSC_OUT.Signal=RCC_OSC_OUT
PinOutPanel.RotationAngle=0
ProjectManager.AskForMigrate=true
ProjectManager.BackupPrevious=false
ProjectManager.CompilerLinker=GCC
ProjectManager.CompilerOptimize=6
ProjectManager.ComputerToolchain=false
ProjectManager.CoupleFile=true
ProjectManager.CustomerFirmwarePackage=
ProjectManager.DefaultFWLocation=true
ProjectManager.DeletePrevious=true
ProjectManager.DeviceId=STM32H723ZGTx
ProjectManager.FirmwarePackage=STM32Cube FW_H7 V1.13.0
ProjectManager.FreePins=false
ProjectManager.FreePinsContext=
ProjectManager.HalAssertFull=false
ProjectManager.HeapSize=0x200
ProjectManager.KeepUserCode=true
ProjectManager.LastFirmware=true
ProjectManager.LibraryCopy=1
ProjectManager.MainLocation=Core/Src
ProjectManager.NoMain=false
ProjectManager.PreviousToolchain=STM32CubeIDE
ProjectManager.ProjectBuild=false
ProjectManager.ProjectFileName=SixAxisSTM32H723.ioc
ProjectManager.ProjectName=SixAxisSTM32H723
ProjectManager.ProjectStructure=
ProjectManager.RegisterCallBack=
ProjectManager.StackSize=0x400
ProjectManager.TargetToolchain=CMake
ProjectManager.ToolChainLocation=
ProjectManager.UAScriptAfterPath=
ProjectManager.UAScriptBeforePath=
ProjectManager.UnderRoot=false
ProjectManager.functionlistsort=1-SystemClock_Config-RCC-false-HAL-false,2-MX_GPIO_Init-GPIO-false-HAL-true,3-MX_DMA_Init-DMA-false-HAL-true,4-MX_LWIP_Init-LWIP-false-HAL-false,5-MX_TIM2_Init-TIM2-false-HAL-true,6-MX_TIM8_Init-TIM8-false-HAL-true,7-MX_TIM14_Init-TIM14-false-HAL-true,8-MX_TIM15_Init-TIM15-false-HAL-true,9-MX_TIM16_Init-TIM16-false-HAL-true,10-MX_TIM17_Init-TIM17-false-HAL-true,11-MX_TIM23_Init-TIM23-false-HAL-true,12-MX_LPTIM2_Init-LPTIM2-false-HAL-true,13-MX_TIM3_Init-TIM3-false-HAL-true,14-MX_TIM4_Init-TIM4-false-HAL-true,15-MX_I2C1_Init-I2C1-false-HAL-true,16-MX_TIM1_Init-TIM1-false-HAL-true,17-MX_TIM5_Init-TIM5-false-HAL-true,18-MX_ADC1_Init-ADC1-false-HAL-true,19-MX_ADC3_Init-ADC3-false-HAL-true,20-MX_TIM7_Init-TIM7-false-HAL-true,21-MX_USART1_UART_Init-USART1-false-HAL-true,22-MX_TIM6_Init-TIM6-false-HAL-true,23-MX_TIM13_Init-TIM13-false-HAL-true,24-MX_LPTIM1_Init-LPTIM1-false-HAL-true,25-MX_FMC_Init-FMC-false-HAL-true,26-MX_ADC2_Init-ADC2-false-HAL-true,0-MX_CORTEX_M7_Init-CORTEX_M7-false-HAL-true
RCC.ADCFreq_Value=100000000
RCC.AHB12Freq_Value=250000000
RCC.AHB4Freq_Value=250000000
RCC.APB1Freq_Value=125000000
RCC.APB2Freq_Value=125000000
RCC.APB3Freq_Value=125000000
RCC.APB4Freq_Value=125000000
RCC.AXIClockFreq_Value=250000000
RCC.CECFreq_Value=32000
RCC.CKPERFreq_Value=64000000
RCC.CortexFreq_Value=500000000
RCC.CpuClockFreq_Value=500000000
RCC.D1CPREFreq_Value=500000000
RCC.D1PPRE=RCC_APB3_DIV2
RCC.D2PPRE1=RCC_APB1_DIV2
RCC.D2PPRE2=RCC_APB2_DIV2
RCC.D3PPRE=RCC_APB4_DIV2
RCC.DFSDMACLkFreq_Value=250000000
RCC.DFSDMFreq_Value=125000000
RCC.DIVM1=2
RCC.DIVM2=2
RCC.DIVN1=40
RCC.DIVN2=16
RCC.DIVP1=1
RCC.DIVP1Freq_Value=500000000
RCC.DIVP2Freq_Value=100000000
RCC.DIVP3Freq_Value=50390625
RCC.DIVQ1Freq_Value=250000000
RCC.DIVQ2Freq_Value=100000000
RCC.DIVQ3Freq_Value=50390625
RCC.DIVR1Freq_Value=250000000
RCC.DIVR2Freq_Value=100000000
RCC.DIVR3Freq_Value=50390625
RCC.FDCANFreq_Value=250000000
RCC.FMCFreq_Value=250000000
RCC.FamilyName=M
RCC.HCLK3ClockFreq_Value=250000000
RCC.HCLKFreq_Value=250000000
RCC.HPRE=RCC_HCLK_DIV2
RCC.I2C123Freq_Value=125000000
RCC.I2C4Freq_Value=125000000
RCC.IPParameters=ADCFreq_Value,AHB12Freq_Value,AHB4Freq_Value,APB1Freq_Value,APB2Freq_Value,APB3Freq_Value,APB4Freq_Value,AXIClockFreq_Value,CECFreq_Value,CKPERFreq_Value,CortexFreq_Value,CpuClockFreq_Value,D1CPREFreq_Value,D1PPRE,D2PPRE1,D2PPRE2,D3PPRE,DFSDMACLkFreq_Value,DFSDMFreq_Value,DIVM1,DIVM2,DIVN1,DIVN2,DIVP1,DIVP1Freq_Value,DIVP2Freq_Value,DIVP3Freq_Value,DIVQ1Freq_Value,DIVQ2Freq_Value,DIVQ3Freq_Value,DIVR1Freq_Value,DIVR2Freq_Value,DIVR3Freq_Value,FDCANFreq_Value,FMCFreq_Value,FamilyName,HCLK3ClockFreq_Value,HCLKFreq_Value,HPRE,I2C123Freq_Value,I2C4Freq_Value,LPTIM1CLockSelection,LPTIM1Freq_Value,LPTIM2CLockSelection,LPTIM2Freq_Value,LPTIM345Freq_Value,LPUART1Freq_Value,LTDCFreq_Value,MCO1PinFreq_Value,MCO2PinFreq_Value,PLL2FRACN,PLL3_VCI_Range-AdvancedSettings,PLLFRACN,PLLSourceVirtual,QSPIFreq_Value,RNGFreq_Value,RTCFreq_Value,SAI1Freq_Value,SAI4AFreq_Value,SAI4BFreq_Value,SDMMCFreq_Value,SPDIFRXFreq_Value,SPI123Freq_Value,SPI45Freq_Value,SPI6Freq_Value,SWPMI1Freq_Value,SYSCLKFreq_VALUE,SYSCLKSource,Tim1OutputFreq_Value,Tim2OutputFreq_Value,TraceFreq_Value,USART16Freq_Value,USART234578Freq_Value,USBFreq_Value,VCO1OutputFreq_Value,VCO2OutputFreq_Value,VCO3OutputFreq_Value,VCOInput1Freq_Value,VCOInput2Freq_Value,VCOInput3Freq_Value
RCC.LPTIM1CLockSelection=RCC_LPTIM1CLKSOURCE_PLL2
RCC.LPTIM1Freq_Value=100000000
RCC.LPTIM2CLockSelection=RCC_LPTIM2CLKSOURCE_PLL2
RCC.LPTIM2Freq_Value=100000000
RCC.LPTIM345Freq_Value=125000000
RCC.LPUART1Freq_Value=125000000
RCC.LTDCFreq_Value=50390625
RCC.MCO1PinFreq_Value=64000000
RCC.MCO2PinFreq_Value=500000000
RCC.PLL2FRACN=0
RCC.PLL3_VCI_Range-AdvancedSettings=RCC_PLL3VCIRANGE_0
RCC.PLLFRACN=0
RCC.PLLSourceVirtual=RCC_PLLSOURCE_HSE
RCC.QSPIFreq_Value=250000000
RCC.RNGFreq_Value=48000000
RCC.RTCFreq_Value=32000
RCC.SAI1Freq_Value=250000000
RCC.SAI4AFreq_Value=250000000
RCC.SAI4BFreq_Value=250000000
RCC.SDMMCFreq_Value=250000000
RCC.SPDIFRXFreq_Value=250000000
RCC.SPI123Freq_Value=250000000
RCC.SPI45Freq_Value=125000000
RCC.SPI6Freq_Value=125000000
RCC.SWPMI1Freq_Value=125000000
RCC.SYSCLKFreq_VALUE=500000000
RCC.SYSCLKSource=RCC_SYSCLKSOURCE_PLLCLK
RCC.Tim1OutputFreq_Value=250000000
RCC.Tim2OutputFreq_Value=250000000
RCC.TraceFreq_Value=64000000
RCC.USART16Freq_Value=125000000
RCC.USART234578Freq_Value=125000000
RCC.USBFreq_Value=250000000
RCC.VCO1OutputFreq_Value=500000000
RCC.VCO2OutputFreq_Value=200000000
RCC.VCO3OutputFreq_Value=100781250
RCC.VCOInput1Freq_Value=12500000
RCC.VCOInput2Freq_Value=12500000
RCC.VCOInput3Freq_Value=781250
SH.ADCx_INP3.0=ADC1_INP3,IN3-Single-Ended
SH.ADCx_INP3.1=ADC2_INP3,IN3-Single-Ended
SH.ADCx_INP3.ConfNb=2
SH.FMC_A0.0=FMC_A0,13b-sda1
SH.FMC_A0.ConfNb=1
SH.FMC_A1.0=FMC_A1,13b-sda1
SH.FMC_A1.ConfNb=1
SH.FMC_A10.0=FMC_A10,13b-sda1
SH.FMC_A10.ConfNb=1
SH.FMC_A11.0=FMC_A11,13b-sda1
SH.FMC_A11.ConfNb=1
SH.FMC_A12.0=FMC_A12,13b-sda1
SH.FMC_A12.ConfNb=1
SH.FMC_A14_BA0.0=FMC_BA0,FourSdramBanks1
SH.FMC_A14_BA0.ConfNb=1
SH.FMC_A15_BA1.0=FMC_BA1,FourSdramBanks1
SH.FMC_A15_BA1.ConfNb=1
SH.FMC_A2.0=FMC_A2,13b-sda1
SH.FMC_A2.ConfNb=1
SH.FMC_A3.0=FMC_A3,13b-sda1
SH.FMC_A3.ConfNb=1
SH.FMC_A4.0=FMC_A4,13b-sda1
SH.FMC_A4.ConfNb=1
SH.FMC_A5.0=FMC_A5,13b-sda1
SH.FMC_A5.ConfNb=1
SH.FMC_A6.0=FMC_A6,13b-sda1
SH.FMC_A6.ConfNb=1
SH.FMC_A7.0=FMC_A7,13b-sda1
SH.FMC_A7.ConfNb=1
SH.FMC_A8.0=FMC_A8,13b-sda1
SH.FMC_A8.ConfNb=1
SH.FMC_A9.0=FMC_A9,13b-sda1
SH.FMC_A9.ConfNb=1
SH.FMC_D0_DA0.0=FMC_D0,sd-16b-d1
SH.FMC_D0_DA0.ConfNb=1
SH.FMC_D10_DA10.0=FMC_D10,sd-16b-d1
SH.FMC_D10_DA10.ConfNb=1
SH.FMC_D11_DA11.0=FMC_D11,sd-16b-d1
SH.FMC_D11_DA11.ConfNb=1
SH.FMC_D12_DA12.0=FMC_D12,sd-16b-d1
SH.FMC_D12_DA12.ConfNb=1
SH.FMC_D13_DA13.0=FMC_D13,sd-16b-d1
SH.FMC_D13_DA13.ConfNb=1
SH.FMC_D14_DA14.0=FMC_D14,sd-16b-d1
SH.FMC_D14_DA14.ConfNb=1
SH.FMC_D15_DA15.0=FMC_D15,sd-16b-d1
SH.FMC_D15_DA15.ConfNb=1
SH.FMC_D1_DA1.0=FMC_D1,sd-16b-d1
SH.FMC_D1_DA1.ConfNb=1
SH.FMC_D2_DA2.0=FMC_D2,sd-16b-d1
SH.FMC_D2_DA2.ConfNb=1
SH.FMC_D3_DA3.0=FMC_D3,sd-16b-d1
SH.FMC_D3_DA3.ConfNb=1
SH.FMC_D4_DA4.0=FMC_D4,sd-16b-d1
SH.FMC_D4_DA4.ConfNb=1
SH.FMC_D5_DA5.0=FMC_D5,sd-16b-d1
SH.FMC_D5_DA5.ConfNb=1
SH.FMC_D6_DA6.0=FMC_D6,sd-16b-d1
SH.FMC_D6_DA6.ConfNb=1
SH.FMC_D7_DA7.0=FMC_D7,sd-16b-d1
SH.FMC_D7_DA7.ConfNb=1
SH.FMC_D8_DA8.0=FMC_D8,sd-16b-d1
SH.FMC_D8_DA8.ConfNb=1
SH.FMC_D9_DA9.0=FMC_D9,sd-16b-d1
SH.FMC_D9_DA9.ConfNb=1
SH.FMC_SDCLK.0=FMC_SDCLK,13b-sda1
SH.FMC_SDCLK.ConfNb=1
SH.FMC_SDNCAS.0=FMC_SDNCAS,13b-sda1
SH.FMC_SDNCAS.ConfNb=1
SH.FMC_SDNRAS.0=FMC_SDNRAS,13b-sda1
SH.FMC_SDNRAS.ConfNb=1
SH.FMC_SDNWE.0=FMC_SDNWE,13b-sda1
SH.FMC_SDNWE.ConfNb=1
SH.GPXTI2.0=GPIO_EXTI2
SH.GPXTI2.ConfNb=1
SH.GPXTI3.0=GPIO_EXTI3
SH.GPXTI3.ConfNb=1
SH.GPXTI4.0=GPIO_EXTI4
SH.GPXTI4.ConfNb=1
SH.GPXTI6.0=GPIO_EXTI6
SH.GPXTI6.ConfNb=1
SH.S_TIM13_CH1.0=TIM13_CH1,PWM Generation1 CH1
SH.S_TIM13_CH1.ConfNb=1
SH.S_TIM14_CH1.0=TIM14_CH1,PWM Generation1 CH1
SH.S_TIM14_CH1.ConfNb=1
SH.S_TIM15_CH1.0=TIM15_CH1,PWM Generation1 CH1
SH.S_TIM15_CH1.ConfNb=1
SH.S_TIM16_CH1.0=TIM16_CH1,PWM Generation1 CH1
SH.S_TIM16_CH1.ConfNb=1
SH.S_TIM17_CH1.0=TIM17_CH1,PWM Generation1 CH1
SH.S_TIM17_CH1.ConfNb=1
SH.S_TIM1_CH2.0=TIM1_CH2,PWM Generation2 CH2
SH.S_TIM1_CH2.ConfNb=1
SH.S_TIM23_CH2.0=TIM23_CH2,Encoder_Interface
SH.S_TIM23_CH2.ConfNb=1
SH.S_TIM2_CH1_ETR.0=TIM2_CH1,PWM Generation1 CH1
SH.S_TIM2_CH1_ETR.ConfNb=1
SH.S_TIM3_CH1.0=TIM3_CH1,Encoder_Interface
SH.S_TIM3_CH1.ConfNb=1
SH.S_TIM3_CH2.0=TIM3_CH2,Encoder_Interface
SH.S_TIM3_CH2.ConfNb=1
SH.S_TIM4_CH1.0=TIM4_CH1,Encoder_Interface
SH.S_TIM4_CH1.ConfNb=1
SH.S_TIM4_CH2.0=TIM4_CH2,Encoder_Interface
SH.S_TIM4_CH2.ConfNb=1
SH.S_TIM5_CH1.0=TIM5_CH1,PWM Generation1 CH1
SH.S_TIM5_CH1.ConfNb=1
SH.S_TIM8_CH4.0=TIM8_CH4,PWM Generation4 CH4
SH.S_TIM8_CH4.ConfNb=1
TIM1.AutoReloadPreload=TIM_AUTORELOAD_PRELOAD_ENABLE
TIM1.Channel-PWM\ Generation2\ CH2=TIM_CHANNEL_2
TIM1.IPParameters=Channel-PWM Generation2 CH2,Prescaler,AutoReloadPreload
TIM1.Prescaler=24
TIM13.AutoReloadPreload=TIM_AUTORELOAD_PRELOAD_ENABLE
TIM13.Channel=TIM_CHANNEL_1
TIM13.IPParameters=Prescaler,Channel,AutoReloadPreload
TIM13.Prescaler=24
TIM14.AutoReloadPreload=TIM_AUTORELOAD_PRELOAD_ENABLE
TIM14.Channel=TIM_CHANNEL_1
TIM14.IPParameters=Prescaler,Channel,OCMode_PWM,AutoReloadPreload
TIM14.OCMode_PWM=TIM_OCMODE_PWM1
TIM14.Prescaler=24
TIM15.AutoReloadPreload=TIM_AUTORELOAD_PRELOAD_ENABLE
TIM15.Channel-PWM\ Generation1\ CH1=TIM_CHANNEL_1
TIM15.IPParameters=Channel-PWM Generation1 CH1,Prescaler,OCMode_PWM-PWM Generation1 CH1,AutoReloadPreload
TIM15.OCMode_PWM-PWM\ Generation1\ CH1=TIM_OCMODE_PWM1
TIM15.Prescaler=24
TIM16.AutoReloadPreload=TIM_AUTORELOAD_PRELOAD_ENABLE
TIM16.Channel=TIM_CHANNEL_1
TIM16.IPParameters=Channel,Prescaler,OCMode_PWM,AutoReloadPreload
TIM16.OCMode_PWM=TIM_OCMODE_PWM1
TIM16.Prescaler=24
TIM17.AutoReloadPreload=TIM_AUTORELOAD_PRELOAD_ENABLE
TIM17.Channel=TIM_CHANNEL_1
TIM17.IPParameters=Channel,Prescaler,OCMode_PWM,AutoReloadPreload
TIM17.OCMode_PWM=TIM_OCMODE_PWM1
TIM17.Prescaler=24
TIM2.AutoReloadPreload=TIM_AUTORELOAD_PRELOAD_ENABLE
TIM2.Channel-PWM\ Generation1\ CH1=TIM_CHANNEL_1
TIM2.IPParameters=Channel-PWM Generation1 CH1,Prescaler,Period,AutoReloadPreload,Pulse-PWM Generation1 CH1,OCMode_PWM-PWM Generation1 CH1
TIM2.OCMode_PWM-PWM\ Generation1\ CH1=TIM_OCMODE_PWM1
TIM2.Period=65535
TIM2.Prescaler=24
TIM2.Pulse-PWM\ Generation1\ CH1=500000
TIM23.AutoReloadPreload=TIM_AUTORELOAD_PRELOAD_ENABLE
TIM23.EncoderMode=TIM_ENCODERMODE_TI12
TIM23.IPParameters=Prescaler,Period,AutoReloadPreload,EncoderMode
TIM23.Period=59999
TIM23.Prescaler=0
TIM3.AutoReloadPreload=TIM_AUTORELOAD_PRELOAD_ENABLE
TIM3.EncoderMode=TIM_ENCODERMODE_TI12
TIM3.IPParameters=Prescaler,AutoReloadPreload,EncoderMode,Period
TIM3.Period=59999
TIM3.Prescaler=0
TIM4.AutoReloadPreload=TIM_AUTORELOAD_PRELOAD_ENABLE
TIM4.EncoderMode=TIM_ENCODERMODE_TI12
TIM4.IC1Filter=0
TIM4.IC2Filter=0
TIM4.IPParameters=EncoderMode,AutoReloadPreload,Period,IC1Filter,IC2Filter,Prescaler
TIM4.Period=59999
TIM4.Prescaler=0
TIM5.AutoReloadPreload=TIM_AUTORELOAD_PRELOAD_ENABLE
TIM5.Channel-PWM\ Generation1\ CH1=TIM_CHANNEL_1
TIM5.IPParameters=Channel-PWM Generation1 CH1,Prescaler,AutoReloadPreload
TIM5.Prescaler=24
TIM6.AutoReloadPreload=TIM_AUTORELOAD_PRELOAD_ENABLE
TIM6.IPParameters=TIM_MasterOutputTrigger,Prescaler,AutoReloadPreload,Period
TIM6.Period=99
TIM6.Prescaler=0
TIM6.TIM_MasterOutputTrigger=TIM_TRGO_UPDATE
TIM7.AutoReloadPreload=TIM_AUTORELOAD_PRELOAD_ENABLE
TIM7.IPParameters=Prescaler,AutoReloadPreload
TIM7.Prescaler=24
TIM8.AutoReloadPreload=TIM_AUTORELOAD_PRELOAD_ENABLE
TIM8.Channel-PWM\ Generation4\ CH4=TIM_CHANNEL_4
TIM8.IPParameters=Channel-PWM Generation4 CH4,AutoReloadPreload,OCMode_PWM-PWM Generation4 CH4,Prescaler
TIM8.OCMode_PWM-PWM\ Generation4\ CH4=TIM_OCMODE_PWM1
TIM8.Prescaler=24
USART1.IPParameters=VirtualMode-Asynchronous
USART1.VirtualMode-Asynchronous=VM_ASYNC
VP_FREERTOS_VS_CMSIS_V2.Mode=CMSIS_V2
VP_FREERTOS_VS_CMSIS_V2.Signal=FREERTOS_VS_CMSIS_V2
VP_LWIP_VS_Enabled.Mode=Enabled
VP_LWIP_VS_Enabled.Signal=LWIP_VS_Enabled
VP_MEMORYMAP_VS_MEMORYMAP.Mode=CurAppReg
VP_MEMORYMAP_VS_MEMORYMAP.Signal=MEMORYMAP_VS_MEMORYMAP
VP_SYS_VS_tim12.Mode=TIM12
VP_SYS_VS_tim12.Signal=SYS_VS_tim12
VP_TIM13_VS_ClockSourceINT.Mode=Enable_Timer
VP_TIM13_VS_ClockSourceINT.Signal=TIM13_VS_ClockSourceINT
VP_TIM14_VS_ClockSourceINT.Mode=Enable_Timer
VP_TIM14_VS_ClockSourceINT.Signal=TIM14_VS_ClockSourceINT
VP_TIM15_VS_ClockSourceINT.Mode=Internal
VP_TIM15_VS_ClockSourceINT.Signal=TIM15_VS_ClockSourceINT
VP_TIM16_VS_ClockSourceINT.Mode=Enable_Timer
VP_TIM16_VS_ClockSourceINT.Signal=TIM16_VS_ClockSourceINT
VP_TIM17_VS_ClockSourceINT.Mode=Enable_Timer
VP_TIM17_VS_ClockSourceINT.Signal=TIM17_VS_ClockSourceINT
VP_TIM1_VS_ClockSourceINT.Mode=Internal
VP_TIM1_VS_ClockSourceINT.Signal=TIM1_VS_ClockSourceINT
VP_TIM2_VS_ClockSourceINT.Mode=Internal
VP_TIM2_VS_ClockSourceINT.Signal=TIM2_VS_ClockSourceINT
VP_TIM5_VS_ClockSourceINT.Mode=Internal
VP_TIM5_VS_ClockSourceINT.Signal=TIM5_VS_ClockSourceINT
VP_TIM6_VS_ClockSourceINT.Mode=Enable_Timer
VP_TIM6_VS_ClockSourceINT.Signal=TIM6_VS_ClockSourceINT
VP_TIM7_VS_ClockSourceINT.Mode=Enable_Timer
VP_TIM7_VS_ClockSourceINT.Signal=TIM7_VS_ClockSourceINT
VP_TIM8_VS_ClockSourceINT.Mode=Internal
VP_TIM8_VS_ClockSourceINT.Signal=TIM8_VS_ClockSourceINT
board=custom
rtos.0.ip=FREERTOS
